
Microsoft Visual Studio Solution File, Format Version 12.00
# Visual Studio Version 17
VisualStudioVersion = 17.14.36518.9
MinimumVisualStudioVersion = 10.0.40219.1
Project("{FAE04EC0-301F-11D3-BF4B-00C04F79EFBC}") = "PharmacyChain", "PharmacyChain.csproj", "{DB0BD8AD-A7FC-4F4D-82F8-A1882D10DDD1}"
EndProject
Global
	GlobalSection(SolutionConfigurationPlatforms) = preSolution
		Debug|Any CPU = Debug|Any CPU
		Release|Any CPU = Release|Any CPU
	EndGlobalSection
	GlobalSection(ProjectConfigurationPlatforms) = postSolution
		{DB0BD8AD-A7FC-4F4D-82F8-A1882D10DDD1}.Debug|Any CPU.ActiveCfg = Debug|Any CPU
		{DB0BD8AD-A7FC-4F4D-82F8-A1882D10DDD1}.Debug|Any CPU.Build.0 = Debug|Any CPU
		{DB0BD8AD-A7FC-4F4D-82F8-A1882D10DDD1}.Release|Any CPU.ActiveCfg = Release|Any CPU
		{DB0BD8AD-A7FC-4F4D-82F8-A1882D10DDD1}.Release|Any CPU.Build.0 = Release|Any CPU
	EndGlobalSection
	GlobalSection(SolutionProperties) = preSolution
		HideSolutionNode = FALSE
	EndGlobalSection
	GlobalSection(ExtensibilityGlobals) = postSolution
		SolutionGuid = {2C83EBFC-094E-4392-A5C4-CA4284ECD268}
	EndGlobalSection
EndGlobal
